
Microsoft Visual Studio Solution File, Format Version 12.00
# Visual Studio Version 17
VisualStudioVersion = 17.8.34309.116
MinimumVisualStudioVersion = 10.0.40219.1
Project("{9A19103F-16F7-4668-BE54-9A1E7A4F7556}") = "kolkoikrzyzyk", "kolkoikrzyzyk.csproj", "{C44CE448-30E4-4071-A356-B7BE573CB828}"
EndProject
Global
	GlobalSection(SolutionConfigurationPlatforms) = preSolution
		Debug|Any CPU = Debug|Any CPU
		Release|Any CPU = Release|Any CPU
	EndGlobalSection
	GlobalSection(ProjectConfigurationPlatforms) = postSolution
		{C44CE448-30E4-4071-A356-B7BE573CB828}.Debug|Any CPU.ActiveCfg = Debug|Any CPU
		{C44CE448-30E4-4071-A356-B7BE573CB828}.Debug|Any CPU.Build.0 = Debug|Any CPU
		{C44CE448-30E4-4071-A356-B7BE573CB828}.Release|Any CPU.ActiveCfg = Release|Any CPU
		{C44CE448-30E4-4071-A356-B7BE573CB828}.Release|Any CPU.Build.0 = Release|Any CPU
	EndGlobalSection
	GlobalSection(SolutionProperties) = preSolution
		HideSolutionNode = FALSE
	EndGlobalSection
	GlobalSection(ExtensibilityGlobals) = postSolution
		SolutionGuid = {BDD04C2D-DD8B-41F2-A82B-507DB7145E7E}
	EndGlobalSection
EndGlobal
